Microsoft Visual Studio Solution File, Format Version 11.00
# Visual Studio 2008

Project("{D3CAAB25-BD43-3BDB-1056-13D1E4144660}") = "Snapple", "Assembly-CSharp.csproj", "{C80FA4D3-C058-B633-ABD6-68B2C590BA68}"
EndProject
Global
	GlobalSection(SolutionConfigurationPlatforms) = preSolution
		Debug|Any CPU = Debug|Any CPU
		Release|Any CPU = Release|Any CPU
	EndGlobalSection
	GlobalSection(ProjectConfigurationPlatforms) = postSolution
		{C80FA4D3-C058-B633-ABD6-68B2C590BA68}.Debug|Any CPU.ActiveCfg = Debug|Any CPU
		{C80FA4D3-C058-B633-ABD6-68B2C590BA68}.Debug|Any CPU.Build.0 = Debug|Any CPU
		{C80FA4D3-C058-B633-ABD6-68B2C590BA68}.Release|Any CPU.ActiveCfg = Release|Any CPU
		{C80FA4D3-C058-B633-ABD6-68B2C590BA68}.Release|Any CPU.Build.0 = Release|Any CPU
	EndGlobalSection
	GlobalSection(SolutionProperties) = preSolution
		HideSolutionNode = FALSE
	EndGlobalSection
	GlobalSection(MonoDevelopProperties) = preSolution
		StartupItem = Assembly-CSharp.csproj
	EndGlobalSection
EndGlobal
